
Microsoft Visual Studio Solution File, Format Version 12.00
# Visual Studio 15
VisualStudioVersion = 15.0.26730.12
MinimumVisualStudioVersion = 10.0.40219.1
Project("{FAE04EC0-301F-11D3-BF4B-00C04F79EFBC}") = "BookStore-Assignment2", "BookStore-Assignment2\BookStore-Assignment2.csproj", "{31CBC8EC-9CE8-45A4-AD64-152214CF3278}"
EndProject
Project("{FAE04EC0-301F-11D3-BF4B-00C04F79EFBC}") = "BookStore-Assignment2.Tests", "BookStore-Assignment2.Tests\BookStore-Assignment2.Tests.csproj", "{B84DD764-ABA1-4F86-9751-10BB7D1ABDB6}"
EndProject
Global
	GlobalSection(SolutionConfigurationPlatforms) = preSolution
		Debug|Any CPU = Debug|Any CPU
		Release|Any CPU = Release|Any CPU
	EndGlobalSection
	GlobalSection(ProjectConfigurationPlatforms) = postSolution
		{31CBC8EC-9CE8-45A4-AD64-152214CF3278}.Debug|Any CPU.ActiveCfg = Debug|Any CPU
		{31CBC8EC-9CE8-45A4-AD64-152214CF3278}.Debug|Any CPU.Build.0 = Debug|Any CPU
		{31CBC8EC-9CE8-45A4-AD64-152214CF3278}.Release|Any CPU.ActiveCfg = Release|Any CPU
		{31CBC8EC-9CE8-45A4-AD64-152214CF3278}.Release|Any CPU.Build.0 = Release|Any CPU
		{B84DD764-ABA1-4F86-9751-10BB7D1ABDB6}.Debug|Any CPU.ActiveCfg = Debug|Any CPU
		{B84DD764-ABA1-4F86-9751-10BB7D1ABDB6}.Debug|Any CPU.Build.0 = Debug|Any CPU
		{B84DD764-ABA1-4F86-9751-10BB7D1ABDB6}.Release|Any CPU.ActiveCfg = Release|Any CPU
		{B84DD764-ABA1-4F86-9751-10BB7D1ABDB6}.Release|Any CPU.Build.0 = Release|Any CPU
	EndGlobalSection
	GlobalSection(SolutionProperties) = preSolution
		HideSolutionNode = FALSE
	EndGlobalSection
	GlobalSection(ExtensibilityGlobals) = postSolution
		SolutionGuid = {7042B97E-6888-487A-B5E7-84CA6635E141}
	EndGlobalSection
EndGlobal
